<?xml version="1.0" encoding="utf-8"?>
<Project ToolsVersion="4.0" xmlns="http://schemas.microsoft.com/developer/msbuild/2003">
  <ItemGroup>
    <ClCompile Include="..\common_source\Historic.cpp" />
    <ClCompile Include="AutoGeneratedSource\xlwcppinterface.cpp">
      <Filter>AutoGenerated</Filter>
    </ClCompile>
    <ClCompile Include="AutoGeneratedSource\mxlwcppinterface.cpp">
      <Filter>AutoGenerated</Filter>
    </ClCompile>
    <ClCompile Include="..\common_source\Test.cpp" />
  </ItemGroup>
  <ItemGroup>
    <ClInclude Include="..\common_source\cppinterface.h" />
    <ClInclude Include="AutoGeneratedSource\mxlwcppinterface.h">
      <Filter>AutoGenerated</Filter>
    </ClInclude>
  </ItemGroup>
  <ItemGroup>
    <Filter Include="AutoGenerated">
      <UniqueIdentifier>{1040ad46-79fe-4418-827a-0e6da3329cd0}</UniqueIdentifier>
    </Filter>
  </ItemGroup>
</Project>