Microsoft Visual Studio Solution File, Format Version 8.00
Project("{8BC9CEB8-8B4A-11D0-8D11-00A0C91BC942}") = "XLL", "XLL.vcproj", "{15F2EBE8-BD3A-43A3-B11D-7BE769F5FABB}"
	ProjectSection(ProjectDependencies) = postProject
	EndProjectSection
EndProject
Global
	GlobalSection(SolutionConfiguration) = preSolution
		Debug = Debug
		Release = Release
	EndGlobalSection
	GlobalSection(ProjectConfiguration) = postSolution
		{15F2EBE8-BD3A-43A3-B11D-7BE769F5FABB}.Debug.ActiveCfg = Debug|Win32
		{15F2EBE8-BD3A-43A3-B11D-7BE769F5FABB}.Debug.Build.0 = Debug|Win32
		{15F2EBE8-BD3A-43A3-B11D-7BE769F5FABB}.Release.ActiveCfg = Release|Win32
		{15F2EBE8-BD3A-43A3-B11D-7BE769F5FABB}.Release.Build.0 = Release|Win32
	EndGlobalSection
	GlobalSection(ExtensibilityGlobals) = postSolution
	EndGlobalSection
	GlobalSection(ExtensibilityAddIns) = postSolution
	EndGlobalSection
EndGlobal
