Microsoft Visual Studio Solution File, Format Version 8.00
Project("{8BC9CEB8-8B4A-11D0-8D11-00A0C91BC942}") = "xlw", "xlw.vcproj", "{55AA1FF3-4CCE-4D0D-81B4-23D1ED0E8496}"
	ProjectSection(ProjectDependencies) = postProject
	EndProjectSection
EndProject
Project("{8BC9CEB8-8B4A-11D0-8D11-00A0C91BC942}") = "xlwExample", "xlwExample\xlwExample.vcproj", "{EC8E7066-E25B-49E2-BE97-24523EA46FBC}"
	ProjectSection(ProjectDependencies) = postProject
		{55AA1FF3-4CCE-4D0D-81B4-23D1ED0E8496} = {55AA1FF3-4CCE-4D0D-81B4-23D1ED0E8496}
	EndProjectSection
EndProject
Global
	GlobalSection(SolutionConfiguration) = preSolution
		Debug = Debug
		Debug MTDLL = Debug MTDLL
		Debug SingleThread = Debug SingleThread
		Release = Release
		Release MTDLL = Release MTDLL
		Release SingleThread = Release SingleThread
	EndGlobalSection
	GlobalSection(ProjectConfiguration) = postSolution
		{55AA1FF3-4CCE-4D0D-81B4-23D1ED0E8496}.Debug.ActiveCfg = Debug|Win32
		{55AA1FF3-4CCE-4D0D-81B4-23D1ED0E8496}.Debug.Build.0 = Debug|Win32
		{55AA1FF3-4CCE-4D0D-81B4-23D1ED0E8496}.Debug MTDLL.ActiveCfg = Debug MTDLL|Win32
		{55AA1FF3-4CCE-4D0D-81B4-23D1ED0E8496}.Debug MTDLL.Build.0 = Debug MTDLL|Win32
		{55AA1FF3-4CCE-4D0D-81B4-23D1ED0E8496}.Debug SingleThread.ActiveCfg = Debug SingleThread|Win32
		{55AA1FF3-4CCE-4D0D-81B4-23D1ED0E8496}.Debug SingleThread.Build.0 = Debug SingleThread|Win32
		{55AA1FF3-4CCE-4D0D-81B4-23D1ED0E8496}.Release.ActiveCfg = Release|Win32
		{55AA1FF3-4CCE-4D0D-81B4-23D1ED0E8496}.Release.Build.0 = Release|Win32
		{55AA1FF3-4CCE-4D0D-81B4-23D1ED0E8496}.Release MTDLL.ActiveCfg = Release MTDLL|Win32
		{55AA1FF3-4CCE-4D0D-81B4-23D1ED0E8496}.Release MTDLL.Build.0 = Release MTDLL|Win32
		{55AA1FF3-4CCE-4D0D-81B4-23D1ED0E8496}.Release SingleThread.ActiveCfg = Release SingleThread|Win32
		{55AA1FF3-4CCE-4D0D-81B4-23D1ED0E8496}.Release SingleThread.Build.0 = Release SingleThread|Win32
		{EC8E7066-E25B-49E2-BE97-24523EA46FBC}.Debug.ActiveCfg = Debug|Win32
		{EC8E7066-E25B-49E2-BE97-24523EA46FBC}.Debug.Build.0 = Debug|Win32
		{EC8E7066-E25B-49E2-BE97-24523EA46FBC}.Debug MTDLL.ActiveCfg = Debug MTDLL|Win32
		{EC8E7066-E25B-49E2-BE97-24523EA46FBC}.Debug MTDLL.Build.0 = Debug MTDLL|Win32
		{EC8E7066-E25B-49E2-BE97-24523EA46FBC}.Debug SingleThread.ActiveCfg = Debug SingleThread|Win32
		{EC8E7066-E25B-49E2-BE97-24523EA46FBC}.Debug SingleThread.Build.0 = Debug SingleThread|Win32
		{EC8E7066-E25B-49E2-BE97-24523EA46FBC}.Release.ActiveCfg = Release|Win32
		{EC8E7066-E25B-49E2-BE97-24523EA46FBC}.Release.Build.0 = Release|Win32
		{EC8E7066-E25B-49E2-BE97-24523EA46FBC}.Release MTDLL.ActiveCfg = Release MTDLL|Win32
		{EC8E7066-E25B-49E2-BE97-24523EA46FBC}.Release MTDLL.Build.0 = Release MTDLL|Win32
		{EC8E7066-E25B-49E2-BE97-24523EA46FBC}.Release SingleThread.ActiveCfg = Release SingleThread|Win32
		{EC8E7066-E25B-49E2-BE97-24523EA46FBC}.Release SingleThread.Build.0 = Release SingleThread|Win32
	EndGlobalSection
	GlobalSection(ExtensibilityGlobals) = postSolution
	EndGlobalSection
	GlobalSection(ExtensibilityAddIns) = postSolution
	EndGlobalSection
EndGlobal
