<?xml version="1.0" encoding="utf-8"?>
<Project ToolsVersion="4.0" xmlns="http://schemas.microsoft.com/developer/msbuild/2003">
  <ItemGroup>
    <ClCompile Include="..\..\..\xlw\InterfaceGenerator\Functionizer.cpp" />
    <ClCompile Include="..\..\..\xlw\InterfaceGenerator\FunctionModel.cpp" />
    <ClCompile Include="..\..\..\xlw\InterfaceGenerator\FunctionType.cpp" />
    <ClCompile Include="..\..\..\xlw\InterfaceGenerator\IncludeRegister.cpp" />
    <ClCompile Include="..\..\..\xlw\InterfaceGenerator\main.cpp" />
    <ClCompile Include="..\..\..\xlw\InterfaceGenerator\ManagedOutputter.cpp" />
    <ClCompile Include="..\..\..\xlw\InterfaceGenerator\Outputter.cpp" />
    <ClCompile Include="..\..\..\xlw\InterfaceGenerator\OutputterHelper.cpp" />
    <ClCompile Include="..\..\..\xlw\InterfaceGenerator\ParserData.cpp" />
    <ClCompile Include="..\..\..\xlw\InterfaceGenerator\Strip.cpp" />
    <ClCompile Include="..\..\..\xlw\InterfaceGenerator\Tokenizer.cpp" />
    <ClCompile Include="..\..\..\xlw\InterfaceGenerator\TypeRegister.cpp" />
    <ClCompile Include="..\..\..\xlw\InterfaceGenerator\TypeRegistrations.cpp" />
  </ItemGroup>
  <ItemGroup>
    <ClInclude Include="..\..\..\xlw\InterfaceGenerator\Functionizer.h" />
    <ClInclude Include="..\..\..\xlw\InterfaceGenerator\FunctionModel.h" />
    <ClInclude Include="..\..\..\xlw\InterfaceGenerator\FunctionType.h" />
    <ClInclude Include="..\..\..\xlw\InterfaceGenerator\IncludeRegister.h" />
    <ClInclude Include="..\..\..\xlw\InterfaceGenerator\ManagedOutputter.h" />
    <ClInclude Include="..\..\..\xlw\InterfaceGenerator\Outputter.h" />
    <ClInclude Include="..\..\..\xlw\InterfaceGenerator\OutputterHelper.h" />
    <ClInclude Include="..\..\..\xlw\InterfaceGenerator\ParserData.h" />
    <ClInclude Include="..\..\..\xlw\InterfaceGenerator\Singleton.h" />
    <ClInclude Include="..\..\..\xlw\InterfaceGenerator\Strip.h" />
    <ClInclude Include="..\..\..\xlw\InterfaceGenerator\Tokenizer.h" />
    <ClInclude Include="..\..\..\xlw\InterfaceGenerator\TypeRegister.h" />
  </ItemGroup>
</Project>