
Microsoft Visual Studio Solution File, Format Version 11.00
# Visual C++ Express 2010
Project("{8BC9CEB8-8B4A-11D0-8D11-00A0C91BC942}") = "InterfaceGenerator", "InterfaceGenerator.vcxproj", "{E8296A35-DDBD-4CF3-BA6A-2217AE086561}"
EndProject
Project("{8BC9CEB8-8B4A-11D0-8D11-00A0C91BC942}") = "5DEV", "xlw.vcxproj", "{B2CA3E14-BD4A-4186-9303-E1B6454630D5}"
EndProject
Global
	GlobalSection(SolutionConfigurationPlatforms) = preSolution
		Debug|Win32 = Debug|Win32
		Debug|x64 = Debug|x64
		Release|Win32 = Release|Win32
		Release|x64 = Release|x64
	EndGlobalSection
	GlobalSection(ProjectConfigurationPlatforms) = postSolution
		{E8296A35-DDBD-4CF3-BA6A-2217AE086561}.Debug|Win32.ActiveCfg = Debug|Win32
		{E8296A35-DDBD-4CF3-BA6A-2217AE086561}.Debug|Win32.Build.0 = Debug|Win32
		{E8296A35-DDBD-4CF3-BA6A-2217AE086561}.Debug|x64.ActiveCfg = Debug|Win32
		{E8296A35-DDBD-4CF3-BA6A-2217AE086561}.Debug|x64.Build.0 = Debug|Win32
		{E8296A35-DDBD-4CF3-BA6A-2217AE086561}.Release|Win32.ActiveCfg = Release|Win32
		{E8296A35-DDBD-4CF3-BA6A-2217AE086561}.Release|Win32.Build.0 = Release|Win32
		{E8296A35-DDBD-4CF3-BA6A-2217AE086561}.Release|x64.ActiveCfg = Release|Win32
		{E8296A35-DDBD-4CF3-BA6A-2217AE086561}.Release|x64.Build.0 = Release|Win32
		{B2CA3E14-BD4A-4186-9303-E1B6454630D5}.Debug|Win32.ActiveCfg = Debug|Win32
		{B2CA3E14-BD4A-4186-9303-E1B6454630D5}.Debug|Win32.Build.0 = Debug|Win32
		{B2CA3E14-BD4A-4186-9303-E1B6454630D5}.Debug|x64.ActiveCfg = Debug|x64
		{B2CA3E14-BD4A-4186-9303-E1B6454630D5}.Debug|x64.Build.0 = Debug|x64
		{B2CA3E14-BD4A-4186-9303-E1B6454630D5}.Release|Win32.ActiveCfg = Release|Win32
		{B2CA3E14-BD4A-4186-9303-E1B6454630D5}.Release|Win32.Build.0 = Release|Win32
		{B2CA3E14-BD4A-4186-9303-E1B6454630D5}.Release|x64.ActiveCfg = Release|x64
		{B2CA3E14-BD4A-4186-9303-E1B6454630D5}.Release|x64.Build.0 = Release|x64
	EndGlobalSection
	GlobalSection(SolutionProperties) = preSolution
		HideSolutionNode = FALSE
	EndGlobalSection
EndGlobal
