<?xml version="1.0" encoding="utf-8"?>
<Project ToolsVersion="4.0" xmlns="http://schemas.microsoft.com/developer/msbuild/2003">
  <ItemGroup>
    <Filter Include="source">
      <UniqueIdentifier>{9ba8d257-ce23-4ce8-85e5-dd018311aeba}</UniqueIdentifier>
    </Filter>
    <Filter Include="include">
      <UniqueIdentifier>{098b436e-cbe1-47b6-8161-9ab4ace8c895}</UniqueIdentifier>
    </Filter>
    <Filter Include="smart_ptr">
      <UniqueIdentifier>{6e1ce7d3-a7b5-4d3d-adc1-287a1d6634d9}</UniqueIdentifier>
    </Filter>
  </ItemGroup>
  <ItemGroup>
    <ClCompile Include="..\..\..\xlw\src\ArgList.cpp">
      <Filter>source</Filter>
    </ClCompile>
    <ClCompile Include="..\..\..\xlw\src\CellMatrix.cpp">
      <Filter>source</Filter>
    </ClCompile>
    <ClCompile Include="..\..\..\xlw\src\Dispatcher.cpp">
      <Filter>source</Filter>
    </ClCompile>
    <ClCompile Include="..\..\..\xlw\src\DoubleOrNothing.cpp">
      <Filter>source</Filter>
    </ClCompile>
    <ClCompile Include="..\..\..\xlw\src\FileConverter.cpp">
      <Filter>source</Filter>
    </ClCompile>
    <ClCompile Include="..\..\..\xlw\src\HiResTimer.cpp">
      <Filter>source</Filter>
    </ClCompile>
    <ClCompile Include="..\..\..\xlw\src\NCmatrices.cpp">
      <Filter>source</Filter>
    </ClCompile>
    <ClCompile Include="..\..\..\xlw\src\PascalStringConversions.cpp">
      <Filter>source</Filter>
    </ClCompile>
    <ClCompile Include="..\..\..\xlw\src\PathUpdater.cpp">
      <Filter>source</Filter>
    </ClCompile>
    <ClCompile Include="..\..\..\xlw\src\TempMemory.cpp">
      <Filter>source</Filter>
    </ClCompile>
    <ClCompile Include="..\..\..\xlw\src\Win32StreamBuf.cpp">
      <Filter>source</Filter>
    </ClCompile>
    <ClCompile Include="..\..\..\xlw\src\xlcall.cpp">
      <Filter>source</Filter>
    </ClCompile>
    <ClCompile Include="..\..\..\xlw\src\XlfAbstractCmdDesc.cpp">
      <Filter>source</Filter>
    </ClCompile>
    <ClCompile Include="..\..\..\xlw\src\XlfArgDesc.cpp">
      <Filter>source</Filter>
    </ClCompile>
    <ClCompile Include="..\..\..\xlw\src\XlfArgDescList.cpp">
      <Filter>source</Filter>
    </ClCompile>
    <ClCompile Include="..\..\..\xlw\src\XlfCmdDesc.cpp">
      <Filter>source</Filter>
    </ClCompile>
    <ClCompile Include="..\..\..\xlw\src\XlfExcel.cpp">
      <Filter>source</Filter>
    </ClCompile>
    <ClCompile Include="..\..\..\xlw\src\XlfFuncDesc.cpp">
      <Filter>source</Filter>
    </ClCompile>
    <ClCompile Include="..\..\..\xlw\src\XlfOperImpl.cpp">
      <Filter>source</Filter>
    </ClCompile>
    <ClCompile Include="..\..\..\xlw\src\XlfOperProperties.cpp">
      <Filter>source</Filter>
    </ClCompile>
    <ClCompile Include="..\..\..\xlw\src\XlfRef.cpp">
      <Filter>source</Filter>
    </ClCompile>
    <ClCompile Include="..\..\..\xlw\src\XlfStr.cpp">
      <Filter>source</Filter>
    </ClCompile>
    <ClCompile Include="..\..\..\xlw\src\XlFunctionRegistration.cpp">
      <Filter>source</Filter>
    </ClCompile>
    <ClCompile Include="..\..\..\xlw\src\XlOpenClose.cpp">
      <Filter>source</Filter>
    </ClCompile>
  </ItemGroup>
  <ItemGroup>
    <ClInclude Include="..\..\..\xlw\src\PathUpdater.h">
      <Filter>source</Filter>
    </ClInclude>
    <ClInclude Include="..\..\..\xlw\include\xlw\ArgList.h">
      <Filter>include</Filter>
    </ClInclude>
    <ClInclude Include="..\..\..\xlw\include\xlw\CellMatrix.h">
      <Filter>include</Filter>
    </ClInclude>
    <ClInclude Include="..\..\..\xlw\include\xlw\CriticalSection.h">
      <Filter>include</Filter>
    </ClInclude>
    <ClInclude Include="..\..\..\xlw\include\xlw\DoubleOrNothing.h">
      <Filter>include</Filter>
    </ClInclude>
    <ClInclude Include="..\..\..\xlw\include\xlw\ERR_Macros.h">
      <Filter>include</Filter>
    </ClInclude>
    <ClInclude Include="..\..\..\xlw\include\xlw\EXCEL32_API.h">
      <Filter>include</Filter>
    </ClInclude>
    <ClInclude Include="..\..\..\xlw\include\xlw\HiResTimer.h">
      <Filter>include</Filter>
    </ClInclude>
    <ClInclude Include="..\..\..\xlw\include\xlw\IXlfoperShared.h">
      <Filter>include</Filter>
    </ClInclude>
    <ClInclude Include="..\..\..\xlw\include\xlw\macros.h">
      <Filter>include</Filter>
    </ClInclude>
    <ClInclude Include="..\..\..\xlw\include\xlw\MyContainers.h">
      <Filter>include</Filter>
    </ClInclude>
    <ClInclude Include="..\..\..\xlw\include\xlw\NCmatrices.h">
      <Filter>include</Filter>
    </ClInclude>
    <ClInclude Include="..\..\..\xlw\include\xlw\PascalStringConversions.h">
      <Filter>include</Filter>
    </ClInclude>
    <ClInclude Include="..\..\..\xlw\include\xlw\TempMemory.h">
      <Filter>include</Filter>
    </ClInclude>
    <ClInclude Include="..\..\..\xlw\include\xlw\ThreadLocalStorage.h">
      <Filter>include</Filter>
    </ClInclude>
    <ClInclude Include="..\..\..\xlw\include\xlw\Win32StreamBuf.h">
      <Filter>include</Filter>
    </ClInclude>
    <ClInclude Include="..\..\..\xlw\include\xlw\xlarray.h">
      <Filter>include</Filter>
    </ClInclude>
    <ClInclude Include="..\..\..\xlw\include\xlw\xlcall32.h">
      <Filter>include</Filter>
    </ClInclude>
    <ClInclude Include="..\..\..\xlw\include\xlw\XlfAbstractCmdDesc.h">
      <Filter>include</Filter>
    </ClInclude>
    <ClInclude Include="..\..\..\xlw\include\xlw\XlfArgDesc.h">
      <Filter>include</Filter>
    </ClInclude>
    <ClInclude Include="..\..\..\xlw\include\xlw\XlfArgDescList.h">
      <Filter>include</Filter>
    </ClInclude>
    <ClInclude Include="..\..\..\xlw\include\xlw\XlfCmdDesc.h">
      <Filter>include</Filter>
    </ClInclude>
    <ClInclude Include="..\..\..\xlw\include\xlw\XlfExcel.h">
      <Filter>include</Filter>
    </ClInclude>
    <ClInclude Include="..\..\..\xlw\include\xlw\XlfException.h">
      <Filter>include</Filter>
    </ClInclude>
    <ClInclude Include="..\..\..\xlw\include\xlw\XlfFuncDesc.h">
      <Filter>include</Filter>
    </ClInclude>
    <ClInclude Include="..\..\..\xlw\include\xlw\XlfOper.h">
      <Filter>include</Filter>
    </ClInclude>
    <ClInclude Include="..\..\..\xlw\include\xlw\XlfOper4.h">
      <Filter>include</Filter>
    </ClInclude>
    <ClInclude Include="..\..\..\xlw\include\xlw\XlfOper12.h">
      <Filter>include</Filter>
    </ClInclude>
    <ClInclude Include="..\..\..\xlw\include\xlw\XlfOperImpl.h">
      <Filter>include</Filter>
    </ClInclude>
    <ClInclude Include="..\..\..\xlw\include\xlw\XlfOperProperties.h">
      <Filter>include</Filter>
    </ClInclude>
    <ClInclude Include="..\..\..\xlw\include\xlw\XlfRef.h">
      <Filter>include</Filter>
    </ClInclude>
    <ClInclude Include="..\..\..\xlw\include\xlw\XlfStr.h">
      <Filter>include</Filter>
    </ClInclude>
    <ClInclude Include="..\..\..\xlw\include\xlw\XlFunctionRegistration.h">
      <Filter>include</Filter>
    </ClInclude>
    <ClInclude Include="..\..\..\xlw\include\xlw\XlfWindows.h">
      <Filter>include</Filter>
    </ClInclude>
    <ClInclude Include="..\..\..\xlw\include\xlw\XlOpenClose.h">
      <Filter>include</Filter>
    </ClInclude>
    <ClInclude Include="..\..\..\xlw\include\xlw\xlw.h">
      <Filter>include</Filter>
    </ClInclude>
    <ClInclude Include="..\..\..\xlw\include\xlw\xlwManaged.h">
      <Filter>include</Filter>
    </ClInclude>
    <ClInclude Include="..\..\..\xlw\include\xlw\Singleton.h">
      <Filter>include</Filter>
    </ClInclude>
    <ClInclude Include="..\..\..\xlw\include\xlw\xlwshared_ptr.h">
      <Filter>smart_ptr</Filter>
    </ClInclude>
    <ClInclude Include="..\..\..\xlw\include\xlw\xlwshared_ptr_details.h">
      <Filter>smart_ptr</Filter>
    </ClInclude>
    <ClInclude Include="..\..\..\xlw\include\xlw\eshared_ptr.h">
      <Filter>smart_ptr</Filter>
    </ClInclude>
    <ClInclude Include="..\..\..\xlw\include\xlw\eshared_ptr_details.h">
      <Filter>smart_ptr</Filter>
    </ClInclude>
  </ItemGroup>
  <ItemGroup>
    <None Include="..\..\..\xlw\include\xlw\Win32StreamBuf.inl">
      <Filter>include</Filter>
    </None>
    <None Include="..\..\..\xlw\include\xlw\XlfAbstractCmdDesc.inl">
      <Filter>include</Filter>
    </None>
    <None Include="..\..\..\xlw\include\xlw\XlfOperProperties4.inl">
      <Filter>include</Filter>
    </None>
    <None Include="..\..\..\xlw\include\xlw\XlfOperProperties12.inl">
      <Filter>include</Filter>
    </None>
    <None Include="..\..\..\xlw\include\xlw\XlfOperPropertiesDynamic.inl">
      <Filter>include</Filter>
    </None>
    <None Include="..\..\..\xlw\include\xlw\XlfRef.inl">
      <Filter>include</Filter>
    </None>
  </ItemGroup>
</Project>