<?xml version="1.0" encoding="utf-8"?>
<Project ToolsVersion="4.0" xmlns="http://schemas.microsoft.com/developer/msbuild/2003">
  <ItemGroup>
    <Filter Include="AutoGenerated">
      <UniqueIdentifier>{01d34853-065c-4be1-b6d3-d3f55875974b}</UniqueIdentifier>
    </Filter>
  </ItemGroup>
  <ItemGroup>
    <ClCompile Include="source\source.cpp" />
    <ClCompile Include="AutoGeneratedSource\mxlwcppinterface.cpp">
      <Filter>AutoGenerated</Filter>
    </ClCompile>
    <ClCompile Include="AutoGeneratedSource\xlwcppinterface.cpp">
      <Filter>AutoGenerated</Filter>
    </ClCompile>
  </ItemGroup>
  <ItemGroup>
    <ClInclude Include="source\cppinterface.h" />
    <ClInclude Include="AutoGeneratedSource\mxlwcppinterface.h">
      <Filter>AutoGenerated</Filter>
    </ClInclude>
  </ItemGroup>
</Project>