<?xml version="1.0" encoding="utf-8"?>
<Project ToolsVersion="4.0" xmlns="http://schemas.microsoft.com/developer/msbuild/2003">
  <ItemGroup>
    <Filter Include="Header Files">
      <UniqueIdentifier>{e75df888-ae93-4423-a0e7-4fcd0fdd6386}</UniqueIdentifier>
    </Filter>
    <Filter Include="Source Files">
      <UniqueIdentifier>{24c899e3-7a1d-48bd-9879-fa8ec5b207ac}</UniqueIdentifier>
    </Filter>
  </ItemGroup>
  <ItemGroup>
    <ClInclude Include="..\common_source\reftest.h">
      <Filter>Header Files</Filter>
    </ClInclude>
    <ClInclude Include="..\common_source\Test.h">
      <Filter>Header Files</Filter>
    </ClInclude>
    <ClInclude Include="..\common_source\type_conversions.h">
      <Filter>Header Files</Filter>
    </ClInclude>
  </ItemGroup>
  <ItemGroup>
    <ClCompile Include="..\common_source\Test.cpp">
      <Filter>Source Files</Filter>
    </ClCompile>
    <ClCompile Include="AutoGeneratedSource\xlwTest.cpp">
      <Filter>Source Files</Filter>
    </ClCompile>
    <ClCompile Include="..\common_source\type_conversions.cpp">
      <Filter>Source Files</Filter>
    </ClCompile>
  </ItemGroup>
</Project>