Microsoft Visual Studio Solution File, Format Version 8.00
Project("{8BC9CEB8-8B4A-11D0-8D11-00A0C91BC942}") = "xlwExample", "xlwExample.vcproj", "{F7119DE7-E8C8-4CB2-8CFE-80EB88DB0C41}"
	ProjectSection(ProjectDependencies) = postProject
	EndProjectSection
EndProject
Global
	GlobalSection(SolutionConfiguration) = preSolution
		Debug = Debug
		Release = Release
	EndGlobalSection
	GlobalSection(ProjectConfiguration) = postSolution
		{F7119DE7-E8C8-4CB2-8CFE-80EB88DB0C41}.Debug.ActiveCfg = Debug|Win32
		{F7119DE7-E8C8-4CB2-8CFE-80EB88DB0C41}.Debug.Build.0 = Debug|Win32
		{F7119DE7-E8C8-4CB2-8CFE-80EB88DB0C41}.Release.ActiveCfg = Release|Win32
		{F7119DE7-E8C8-4CB2-8CFE-80EB88DB0C41}.Release.Build.0 = Release|Win32
	EndGlobalSection
	GlobalSection(ExtensibilityGlobals) = postSolution
	EndGlobalSection
	GlobalSection(ExtensibilityAddIns) = postSolution
	EndGlobalSection
EndGlobal
