<?xml version="1.0" encoding="UTF-8" standalone="yes" ?>
<CodeBlocks_project_file>
	<FileVersion major="1" minor="6" />
	<Project>
		<Option title="ObjectCacheDemo" />
		<Option pch_mode="2" />
		<Option compiler="gcc" />
		<Option virtualFolders="Autogenerated\;source\;headers\;objects\;" />
		<Build>
			<Target title="Debug">
				<Option output="bin\Debug\ObjectCacheDemo.xll" prefix_auto="0" extension_auto="0" />
				<Option object_output="obj\Debug\" />
				<Option type="3" />
				<Option compiler="gcc" />
				<Compiler>
					<Add option="-Wall" />
					<Add option="-g" />
					<Add option="-D_DEBUG" />
				</Compiler>
				<Linker>
					<Add library="..\..\..\lib\libxlw-gcc-s-gd-5_0_2f0.a" />
				</Linker>
				<ExtraCommands>
					<Add before="make -f RunInterfaceGenerator.mak" />
					<Mode after="always" />
				</ExtraCommands>
			</Target>
			<Target title="Release">
				<Option output="bin\Release\ObjectCacheDemo.xll" prefix_auto="0" extension_auto="0" />
				<Option object_output="obj\Release\" />
				<Option type="3" />
				<Option compiler="gcc" />
				<Compiler>
					<Add option="-O2" />
					<Add option="-Wall" />
					<Add option="-DNDEBUG" />
				</Compiler>
				<Linker>
					<Add option="-s" />
					<Add library="..\..\..\lib\libxlw-gcc-s-5_0_2f0.a" />
				</Linker>
				<ExtraCommands>
					<Add before="make -f RunInterfaceGenerator.mak BUILD=Release" />
					<Mode after="always" />
				</ExtraCommands>
			</Target>
		</Build>
		<Compiler>
			<Add directory="..\..\..\include" />
			<Add directory="..\common_source" />
		</Compiler>
		<Linker>
			<Add option="-static" />
			<Add option="-static-libgcc" />
			<Add library="..\..\..\include\xlw\xlw.def" />
			<Add library="user32" />
			<Add directory="..\..\..\lib" />
		</Linker>
		<Unit filename="..\Objects\ObjectCache.h">
			<Option virtualFolder="objects\" />
		</Unit>
		<Unit filename="..\Objects\singleton.h">
			<Option virtualFolder="objects\" />
		</Unit>
		<Unit filename="..\common_source\DiscountCurve.cpp">
			<Option virtualFolder="objects\" />
		</Unit>
		<Unit filename="..\common_source\cppinterface.h">
			<Option virtualFolder="headers\" />
		</Unit>
		<Unit filename="..\common_source\source.cpp">
			<Option virtualFolder="source\" />
		</Unit>
		<Unit filename="..\common_source\xlwWrapper.cpp">
			<Option virtualFolder="Autogenerated\" />
		</Unit>
		<Extensions>
			<code_completion />
			<debugger />
		</Extensions>
	</Project>
</CodeBlocks_project_file>
