<?xml version="1.0" encoding="utf-8"?>
<Project ToolsVersion="4.0" xmlns="http://schemas.microsoft.com/developer/msbuild/2003">
  <ItemGroup>
    <Filter Include="Source Files">
      <UniqueIdentifier>{4FC737F1-C7A5-4376-A066-2A32D752A2FF}</UniqueIdentifier>
      <Extensions>cpp;c;cc;cxx;def;odl;idl;hpj;bat;asm;asmx</Extensions>
    </Filter>
    <Filter Include="Header Files">
      <UniqueIdentifier>{93995380-89BD-4b04-88EB-625FBE52EBFB}</UniqueIdentifier>
      <Extensions>h;hpp;hxx;hm;inl;inc;xsd</Extensions>
    </Filter>
  </ItemGroup>
  <ItemGroup>
    <ClInclude Include="Functionizer.h">
      <Filter>Header Files</Filter>
    </ClInclude>
    <ClInclude Include="FunctionModel.h">
      <Filter>Header Files</Filter>
    </ClInclude>
    <ClInclude Include="FunctionType.h">
      <Filter>Header Files</Filter>
    </ClInclude>
    <ClInclude Include="IncludeRegister.h">
      <Filter>Header Files</Filter>
    </ClInclude>
    <ClInclude Include="ManagedOutputter.h">
      <Filter>Header Files</Filter>
    </ClInclude>
    <ClInclude Include="Outputter.h">
      <Filter>Header Files</Filter>
    </ClInclude>
    <ClInclude Include="OutputterHelper.h">
      <Filter>Header Files</Filter>
    </ClInclude>
    <ClInclude Include="ParserData.h">
      <Filter>Header Files</Filter>
    </ClInclude>
    <ClInclude Include="Singleton.h">
      <Filter>Header Files</Filter>
    </ClInclude>
    <ClInclude Include="Strip.h">
      <Filter>Header Files</Filter>
    </ClInclude>
    <ClInclude Include="Tokenizer.h">
      <Filter>Header Files</Filter>
    </ClInclude>
    <ClInclude Include="TypeRegister.h">
      <Filter>Header Files</Filter>
    </ClInclude>
  </ItemGroup>
  <ItemGroup>
    <ClCompile Include="Functionizer.cpp">
      <Filter>Source Files</Filter>
    </ClCompile>
    <ClCompile Include="FunctionModel.cpp">
      <Filter>Source Files</Filter>
    </ClCompile>
    <ClCompile Include="main.cpp">
      <Filter>Source Files</Filter>
    </ClCompile>
    <ClCompile Include="ManagedOutputter.cpp">
      <Filter>Source Files</Filter>
    </ClCompile>
    <ClCompile Include="Outputter.cpp">
      <Filter>Source Files</Filter>
    </ClCompile>
    <ClCompile Include="OutputterHelper.cpp">
      <Filter>Source Files</Filter>
    </ClCompile>
    <ClCompile Include="ParserData.cpp">
      <Filter>Source Files</Filter>
    </ClCompile>
    <ClCompile Include="Strip.cpp">
      <Filter>Source Files</Filter>
    </ClCompile>
    <ClCompile Include="Tokenizer.cpp">
      <Filter>Source Files</Filter>
    </ClCompile>
    <ClCompile Include="TypeRegister.cpp">
      <Filter>Source Files</Filter>
    </ClCompile>
    <ClCompile Include="TypeRegistrations.cpp">
      <Filter>Source Files</Filter>
    </ClCompile>
  </ItemGroup>
</Project>