
Microsoft Visual Studio Solution File, Format Version 11.00
# Visual Studio 2010
Project("{8BC9CEB8-8B4A-11D0-8D11-00A0C91BC942}") = "TestBLAS", "TestCBLAS.vcxproj", "{23439D20-B301-454A-843A-8DC754422AEB}"
EndProject
Global
	GlobalSection(SolutionConfigurationPlatforms) = preSolution
		ACML|Win32 = ACML|Win32
		ATLAS|Win32 = ATLAS|Win32
		Gnu_Ref|Win32 = Gnu_Ref|Win32
		MSVC_Ref|Win32 = MSVC_Ref|Win32
	EndGlobalSection
	GlobalSection(ProjectConfigurationPlatforms) = postSolution
		{23439D20-B301-454A-843A-8DC754422AEB}.ACML|Win32.ActiveCfg = ACML|Win32
		{23439D20-B301-454A-843A-8DC754422AEB}.ACML|Win32.Build.0 = ACML|Win32
		{23439D20-B301-454A-843A-8DC754422AEB}.ATLAS|Win32.ActiveCfg = ATLAS|Win32
		{23439D20-B301-454A-843A-8DC754422AEB}.ATLAS|Win32.Build.0 = ATLAS|Win32
		{23439D20-B301-454A-843A-8DC754422AEB}.Gnu_Ref|Win32.ActiveCfg = Gnu_Ref|Win32
		{23439D20-B301-454A-843A-8DC754422AEB}.Gnu_Ref|Win32.Build.0 = Gnu_Ref|Win32
		{23439D20-B301-454A-843A-8DC754422AEB}.MSVC_Ref|Win32.ActiveCfg = MSVC_Ref|Win32
		{23439D20-B301-454A-843A-8DC754422AEB}.MSVC_Ref|Win32.Build.0 = MSVC_Ref|Win32
	EndGlobalSection
	GlobalSection(SolutionProperties) = preSolution
		HideSolutionNode = FALSE
	EndGlobalSection
EndGlobal
