<?xml version="1.0" encoding="utf-8"?>
<Project ToolsVersion="4.0" xmlns="http://schemas.microsoft.com/developer/msbuild/2003">
  <ItemGroup>
    <Filter Include="Header Files">
      <UniqueIdentifier>{e75df888-ae93-4423-a0e7-4fcd0fdd6386}</UniqueIdentifier>
    </Filter>
    <Filter Include="Source Files">
      <UniqueIdentifier>{24c899e3-7a1d-48bd-9879-fa8ec5b207ac}</UniqueIdentifier>
    </Filter>
    <Filter Include="generators">
      <UniqueIdentifier>{b60f80e7-64f0-4d10-b3b1-e693e563e2fe}</UniqueIdentifier>
    </Filter>
  </ItemGroup>
  <ItemGroup>
    <ClInclude Include="..\common_source\Test.h">
      <Filter>Header Files</Filter>
    </ClInclude>
    <ClInclude Include="..\common_source\generators\generator_interface.h">
      <Filter>generators</Filter>
    </ClInclude>
    <ClInclude Include="..\common_source\generators\generator_wrapper.h">
      <Filter>generators</Filter>
    </ClInclude>
  </ItemGroup>
  <ItemGroup>
    <ClCompile Include="..\common_source\Test.cpp">
      <Filter>Source Files</Filter>
    </ClCompile>
    <ClCompile Include="AutoGeneratedSource\xlwTest.cpp">
      <Filter>Source Files</Filter>
    </ClCompile>
    <ClCompile Include="..\common_source\generators\lagged_fibonacci.cpp">
      <Filter>generators</Filter>
    </ClCompile>
  </ItemGroup>
</Project>