<?xml version="1.0" encoding="UTF-8" standalone="yes" ?>
<CodeBlocks_project_file>
	<FileVersion major="1" minor="6" />
	<Project>
		<Option title="Payoff" />
		<Option pch_mode="2" />
		<Option compiler="gcc" />
		<Build>
			<Target title="Debug">
				<Option output="bin\Debug\Payoff.xll" prefix_auto="0" extension_auto="0" />
				<Option object_output="obj\Debug\" />
				<Option type="3" />
				<Option compiler="gcc" />
				<Compiler>
					<Add option="-Wall" />
					<Add option="-g" />
					<Add option="-D_DEBUG" />
				</Compiler>
				<Linker>
					<Add library="..\..\..\lib\libxlw-gcc-s-gd-5_0_2f0.a" />
				</Linker>
				<ExtraCommands>
					<Add before="make -f RunInterfaceGenerator.mak" />
					<Mode after="always" />
				</ExtraCommands>
			</Target>
			<Target title="Release">
				<Option output="bin\Release\Payoff.xll" prefix_auto="0" extension_auto="0" />
				<Option object_output="obj\Release\" />
				<Option type="3" />
				<Option compiler="gcc" />
				<Compiler>
					<Add option="-O2" />
					<Add option="-Wall" />
					<Add option="-DNDEBUG" />
				</Compiler>
				<Linker>
					<Add option="-s" />
					<Add library="..\..\..\lib\libxlw-gcc-s-5_0_2f0.a" />
				</Linker>
				<ExtraCommands>
					<Add before="make -f RunInterfaceGenerator.mak BUILD=Release" />
					<Mode after="always" />
				</ExtraCommands>
			</Target>
		</Build>
		<Compiler>
			<Add directory="..\..\..\include" />
		</Compiler>
		<Linker>
			<Add option="-static" />
			<Add option="-static-libgcc" />
			<Add library="..\..\..\include\xlw\xlw.def" />
			<Add library="user32" />
			<Add directory="..\..\..\lib" />
		</Linker>
		<Unit filename="..\common_source\PayOff.cpp" />
		<Unit filename="..\common_source\PayOff.h" />
		<Unit filename="..\common_source\PayOffConcrete.cpp" />
		<Unit filename="..\common_source\PayOffRegistration.cpp" />
		<Unit filename="..\common_source\PayoffConcrete.h" />
		<Unit filename="..\common_source\Test.cpp" />
		<Unit filename="..\common_source\Test.h" />
		<Unit filename="..\common_source\reftest.h" />
		<Unit filename="..\common_source\wrapper.h" />
		<Unit filename="..\common_source\xlwTest.cpp" />
		<Extensions>
			<code_completion />
			<debugger />
		</Extensions>
	</Project>
</CodeBlocks_project_file>
