<?xml version="1.0" encoding="utf-8"?>
<Project ToolsVersion="4.0" xmlns="http://schemas.microsoft.com/developer/msbuild/2003">
  <ItemGroup>
    <Filter Include="Header Files">
      <UniqueIdentifier>{e75df888-ae93-4423-a0e7-4fcd0fdd6386}</UniqueIdentifier>
    </Filter>
    <Filter Include="Source Files">
      <UniqueIdentifier>{24c899e3-7a1d-48bd-9879-fa8ec5b207ac}</UniqueIdentifier>
    </Filter>
    <Filter Include="AutoGenerated">
      <UniqueIdentifier>{fc703746-34e7-4c29-8527-e7c6c912cb9b}</UniqueIdentifier>
    </Filter>
  </ItemGroup>
  <ItemGroup>
    <ClInclude Include="..\common_source\reftest.h">
      <Filter>Header Files</Filter>
    </ClInclude>
    <ClInclude Include="..\common_source\Attributes.h">
      <Filter>Header Files</Filter>
    </ClInclude>
    <ClInclude Include="..\common_source\Commands.h">
      <Filter>Header Files</Filter>
    </ClInclude>
  </ItemGroup>
  <ItemGroup>
    <ClCompile Include="..\common_source\Attributes.cpp">
      <Filter>Source Files</Filter>
    </ClCompile>
    <ClCompile Include="..\common_source\Commands.cpp">
      <Filter>Source Files</Filter>
    </ClCompile>
    <ClCompile Include="AutoGeneratedSource\xlwAttributes.cpp">
      <Filter>AutoGenerated</Filter>
    </ClCompile>
    <ClCompile Include="AutoGeneratedSource\xlwCommands.cpp">
      <Filter>AutoGenerated</Filter>
    </ClCompile>
  </ItemGroup>
</Project>