
Microsoft Visual Studio Solution File, Format Version 11.00
# Visual Studio 2010
Project("{8BC9CEB8-8B4A-11D0-8D11-00A0C91BC942}") = "TestLAPACK", "TestLAPACK.vcxproj", "{1BB42F3E-BE7B-4D57-9DA1-31B82653F75B}"
EndProject
Global
	GlobalSection(SolutionConfigurationPlatforms) = preSolution
		ACML|Win32 = ACML|Win32
		ATLAS|Win32 = ATLAS|Win32
		Gnu_Ref|Win32 = Gnu_Ref|Win32
	EndGlobalSection
	GlobalSection(ProjectConfigurationPlatforms) = postSolution
		{1BB42F3E-BE7B-4D57-9DA1-31B82653F75B}.ACML|Win32.ActiveCfg = ACML|Win32
		{1BB42F3E-BE7B-4D57-9DA1-31B82653F75B}.ACML|Win32.Build.0 = ACML|Win32
		{1BB42F3E-BE7B-4D57-9DA1-31B82653F75B}.ATLAS|Win32.ActiveCfg = ATLAS|Win32
		{1BB42F3E-BE7B-4D57-9DA1-31B82653F75B}.ATLAS|Win32.Build.0 = ATLAS|Win32
		{1BB42F3E-BE7B-4D57-9DA1-31B82653F75B}.Gnu_Ref|Win32.ActiveCfg = Gnu_Ref|Win32
		{1BB42F3E-BE7B-4D57-9DA1-31B82653F75B}.Gnu_Ref|Win32.Build.0 = Gnu_Ref|Win32
	EndGlobalSection
	GlobalSection(SolutionProperties) = preSolution
		HideSolutionNode = FALSE
	EndGlobalSection
EndGlobal
