<?xml version="1.0" encoding="utf-8"?>
<Project ToolsVersion="4.0" xmlns="http://schemas.microsoft.com/developer/msbuild/2003">
  <ItemGroup>
    <Filter Include="Header Files">
      <UniqueIdentifier>{12dca1c9-02af-46b7-b385-b1b312bea608}</UniqueIdentifier>
    </Filter>
    <Filter Include="Source Files">
      <UniqueIdentifier>{af5c4e86-d8b5-47bb-bc1c-309e646c0dbe}</UniqueIdentifier>
    </Filter>
    <Filter Include="AutoGeneratedSource">
      <UniqueIdentifier>{6026df17-37e5-472c-a850-a1edda87a721}</UniqueIdentifier>
    </Filter>
  </ItemGroup>
  <ItemGroup>
    <ClInclude Include="source\cppinterface.h">
      <Filter>Header Files</Filter>
    </ClInclude>
  </ItemGroup>
  <ItemGroup>
    <ClCompile Include="source\source.cpp">
      <Filter>Source Files</Filter>
    </ClCompile>
    <ClCompile Include="source\xlwWrapper.cpp">
      <Filter>AutoGeneratedSource</Filter>
    </ClCompile>
  </ItemGroup>
</Project>