Microsoft Visual Studio Solution File, Format Version 11.00
# Visual Studio 2010
Project("{FAE04EC0-301F-11D3-BF4B-00C04F79EFBC}") = "DotNet", "Addin\DotNet.csproj", "{8679824E-0E59-4620-AFAB-3E201D045BC3}"
EndProject
Project("{FAE04EC0-301F-11D3-BF4B-00C04F79EFBC}") = "ReflectionFactory", "ReflectionFactory\ReflectionFactory.csproj", "{1F22E424-00C6-4B11-A2D9-1C071E633528}"
EndProject
Global
	GlobalSection(SolutionConfigurationPlatforms) = preSolution
		Debug|x64 = Debug|x64
		Debug|x86 = Debug|x86
		Release|x64 = Release|x64
		Release|x86 = Release|x86
	EndGlobalSection
	GlobalSection(ProjectConfigurationPlatforms) = postSolution
		{8679824E-0E59-4620-AFAB-3E201D045BC3}.Debug|x64.ActiveCfg = Debug|x64
		{8679824E-0E59-4620-AFAB-3E201D045BC3}.Debug|x64.Build.0 = Debug|x64
		{8679824E-0E59-4620-AFAB-3E201D045BC3}.Debug|x86.ActiveCfg = Debug|x86
		{8679824E-0E59-4620-AFAB-3E201D045BC3}.Debug|x86.Build.0 = Debug|x86
		{8679824E-0E59-4620-AFAB-3E201D045BC3}.Release|x64.ActiveCfg = Release|x64
		{8679824E-0E59-4620-AFAB-3E201D045BC3}.Release|x64.Build.0 = Release|x64
		{8679824E-0E59-4620-AFAB-3E201D045BC3}.Release|x86.ActiveCfg = Release|x86
		{8679824E-0E59-4620-AFAB-3E201D045BC3}.Release|x86.Build.0 = Release|x86
		{1F22E424-00C6-4B11-A2D9-1C071E633528}.Debug|x64.ActiveCfg = Debug|Any CPU
		{1F22E424-00C6-4B11-A2D9-1C071E633528}.Debug|x86.ActiveCfg = Debug|Any CPU
		{1F22E424-00C6-4B11-A2D9-1C071E633528}.Release|x64.ActiveCfg = Release|Any CPU
		{1F22E424-00C6-4B11-A2D9-1C071E633528}.Release|x86.ActiveCfg = Release|Any CPU
	EndGlobalSection
	GlobalSection(SolutionProperties) = preSolution
		HideSolutionNode = FALSE
	EndGlobalSection
EndGlobal
